
Microsoft Visual Studio Solution File, Format Version 12.00
# Visual Studio Version 17
VisualStudioVersion = 17.14.36109.1 d17.14
MinimumVisualStudioVersion = 10.0.40219.1
Project("{FAE04EC0-301F-11D3-BF4B-00C04F79EFBC}") = "AcademiaEnergy", "AcademiaEnergy\AcademiaEnergy.csproj", "{C32B2A61-1514-46A4-9787-9CA108BADCE3}"
EndProject
Global
	GlobalSection(SolutionConfigurationPlatforms) = preSolution
		Debug|Any CPU = Debug|Any CPU
		Release|Any CPU = Release|Any CPU
	EndGlobalSection
	GlobalSection(ProjectConfigurationPlatforms) = postSolution
		{C32B2A61-1514-46A4-9787-9CA108BADCE3}.Debug|Any CPU.ActiveCfg = Debug|Any CPU
		{C32B2A61-1514-46A4-9787-9CA108BADCE3}.Debug|Any CPU.Build.0 = Debug|Any CPU
		{C32B2A61-1514-46A4-9787-9CA108BADCE3}.Release|Any CPU.ActiveCfg = Release|Any CPU
		{C32B2A61-1514-46A4-9787-9CA108BADCE3}.Release|Any CPU.Build.0 = Release|Any CPU
	EndGlobalSection
	GlobalSection(SolutionProperties) = preSolution
		HideSolutionNode = FALSE
	EndGlobalSection
	GlobalSection(ExtensibilityGlobals) = postSolution
		SolutionGuid = {8CF2DECB-3BC3-4E69-9EEA-0A0B1E7C2A05}
	EndGlobalSection
EndGlobal
